{
  "name": "test-verdaccio",
  "version": "1.0.0",
  "lockfileVersion": 3,
  "requires": true,
  "packages": {
    "": {
      "name": "test-verdaccio",
      "version": "1.0.0",
      "license": "ISC",
      "dependencies": {
        "@blazion/core": "^1.0.1"
      }
    },
    "node_modules/@blazion/core": {
      "version": "1.0.1",
      "resolved": "http://localhost:4873/@blazion/core/-/core-1.0.1.tgz",
      "integrity": "sha512-CFUqNLgj29BOvlNbL2rpG8dinXhghp8j84org7LPvP57tJUqDtha/2ZYHB7bEm08NEQvL3/Z4vpQcUMrHHXM5Q=="
    }
  }
}
